
Microsoft Visual Studio Solution File, Format Version 12.00
# Visual Studio Version 16
VisualStudioVersion = 16.0.31515.178
MinimumVisualStudioVersion = 10.0.40219.1
Project("{FAE04EC0-301F-11D3-BF4B-00C04F79EFBC}") = "ipcBridge.NET", "ipcBridge.NET\ipcBridge.NET.csproj", "{BDC1C2A0-0BD7-400D-A872-D37B396A3858}"
EndProject
Project("{FAE04EC0-301F-11D3-BF4B-00C04F79EFBC}") = "DemoServer", "DemoServer\DemoServer.csproj", "{135B125B-B062-4B56-B4AF-26A13B918B9A}"
EndProject
Project("{FAE04EC0-301F-11D3-BF4B-00C04F79EFBC}") = "DemoClient", "DemoClient\DemoClient.csproj", "{E6E76D64-E658-4469-9093-8808AE2B9DDE}"
EndProject
Global
	GlobalSection(SolutionConfigurationPlatforms) = preSolution
		Debug|Any CPU = Debug|Any CPU
		Release|Any CPU = Release|Any CPU
	EndGlobalSection
	GlobalSection(ProjectConfigurationPlatforms) = postSolution
		{BDC1C2A0-0BD7-400D-A872-D37B396A3858}.Debug|Any CPU.ActiveCfg = Debug|Any CPU
		{BDC1C2A0-0BD7-400D-A872-D37B396A3858}.Debug|Any CPU.Build.0 = Debug|Any CPU
		{BDC1C2A0-0BD7-400D-A872-D37B396A3858}.Release|Any CPU.ActiveCfg = Release|Any CPU
		{BDC1C2A0-0BD7-400D-A872-D37B396A3858}.Release|Any CPU.Build.0 = Release|Any CPU
		{135B125B-B062-4B56-B4AF-26A13B918B9A}.Debug|Any CPU.ActiveCfg = Debug|Any CPU
		{135B125B-B062-4B56-B4AF-26A13B918B9A}.Debug|Any CPU.Build.0 = Debug|Any CPU
		{135B125B-B062-4B56-B4AF-26A13B918B9A}.Release|Any CPU.ActiveCfg = Release|Any CPU
		{135B125B-B062-4B56-B4AF-26A13B918B9A}.Release|Any CPU.Build.0 = Release|Any CPU
		{E6E76D64-E658-4469-9093-8808AE2B9DDE}.Debug|Any CPU.ActiveCfg = Debug|Any CPU
		{E6E76D64-E658-4469-9093-8808AE2B9DDE}.Debug|Any CPU.Build.0 = Debug|Any CPU
		{E6E76D64-E658-4469-9093-8808AE2B9DDE}.Release|Any CPU.ActiveCfg = Release|Any CPU
		{E6E76D64-E658-4469-9093-8808AE2B9DDE}.Release|Any CPU.Build.0 = Release|Any CPU
	EndGlobalSection
	GlobalSection(SolutionProperties) = preSolution
		HideSolutionNode = FALSE
	EndGlobalSection
	GlobalSection(ExtensibilityGlobals) = postSolution
		SolutionGuid = {B659C6FC-B77A-4AFF-A4F3-FF405444F8CE}
	EndGlobalSection
EndGlobal
